// !$*UTF8*$!
{
	archiveVersion = 1;
	classes = {
	};
	objectVersion = 56;
	objects = {

/* Begin PBXBuildFile section */
		F2D2B75729925FF200A4F160 /* AppDelegate.swift in Sources */ = {isa = PBXBuildFile; fileRef = F2D2B75629925FF200A4F160 /* AppDelegate.swift */; };
		F2D2B75929925FF200A4F160 /* SceneDelegate.swift in Sources */ = {isa = PBXBuildFile; fileRef = F2D2B75829925FF200A4F160 /* SceneDelegate.swift */; };
		F2D2B75E29925FF200A4F160 /* Main.storyboard in Resources */ = {isa = PBXBuildFile; fileRef = F2D2B75C29925FF200A4F160 /* Main.storyboard */; };
		F2D2B76029925FF300A4F160 /* Assets.xcassets in Resources */ = {isa = PBXBuildFile; fileRef = F2D2B75F29925FF300A4F160 /* Assets.xcassets */; };
		F2D2B76329925FF300A4F160 /* LaunchScreen.storyboard in Resources */ = {isa = PBXBuildFile; fileRef = F2D2B76129925FF300A4F160 /* LaunchScreen.storyboard */; };
		F2D2B7712992626900A4F160 /* MainTabController.swift in Sources */ = {isa = PBXBuildFile; fileRef = F2D2B7702992626900A4F160 /* MainTabController.swift */; };
		F2D2B7732992643400A4F160 /* FeedController.swift in Sources */ = {isa = PBXBuildFile; fileRef = F2D2B7722992643400A4F160 /* FeedController.swift */; };
		F2D2B775299264D300A4F160 /* ExploreController.swift in Sources */ = {isa = PBXBuildFile; fileRef = F2D2B774299264D300A4F160 /* ExploreController.swift */; };
		F2D2B7772992650000A4F160 /* NotificationsController.swift in Sources */ = {isa = PBXBuildFile; fileRef = F2D2B7762992650000A4F160 /* NotificationsController.swift */; };
		F2D2B7792992652900A4F160 /* ConversationsController.swift in Sources */ = {isa = PBXBuildFile; fileRef = F2D2B7782992652900A4F160 /* ConversationsController.swift */; };
/* End PBXBuildFile section */

/* Begin PBXFileReference section */
		F2D2B75329925FF200A4F160 /* Swifter.app */ = {isa = PBXFileReference; explicitFileType = wrapper.application; includeInIndex = 0; path = Swifter.app; sourceTree = BUILT_PRODUCTS_DIR; };
		F2D2B75629925FF200A4F160 /* AppDelegate.swift */ = {isa = PBXFileReference; lastKnownFileType = sourcecode.swift; path = AppDelegate.swift; sourceTree = "<group>"; };
		F2D2B75829925FF200A4F160 /* SceneDelegate.swift */ = {isa = PBXFileReference; lastKnownFileType = sourcecode.swift; path = SceneDelegate.swift; sourceTree = "<group>"; };
		F2D2B75D29925FF200A4F160 /* Base */ = {isa = PBXFileReference; lastKnownFileType = file.storyboard; name = Base; path = Base.lproj/Main.storyboard; sourceTree = "<group>"; };
		F2D2B75F29925FF300A4F160 /* Assets.xcassets */ = {isa = PBXFileReference; lastKnownFileType = folder.assetcatalog; path = Assets.xcassets; sourceTree = "<group>"; };
		F2D2B76229925FF300A4F160 /* Base */ = {isa = PBXFileReference; lastKnownFileType = file.storyboard; name = Base; path = Base.lproj/LaunchScreen.storyboard; sourceTree = "<group>"; };
		F2D2B76429925FF300A4F160 /* Info.plist */ = {isa = PBXFileReference; lastKnownFileType = text.plist.xml; path = Info.plist; sourceTree = "<group>"; };
		F2D2B7702992626900A4F160 /* MainTabController.swift */ = {isa = PBXFileReference; lastKnownFileType = sourcecode.swift; path = MainTabController.swift; sourceTree = "<group>"; };
		F2D2B7722992643400A4F160 /* FeedController.swift */ = {isa = PBXFileReference; lastKnownFileType = sourcecode.swift; path = FeedController.swift; sourceTree = "<group>"; };
		F2D2B774299264D300A4F160 /* ExploreController.swift */ = {isa = PBXFileReference; lastKnownFileType = sourcecode.swift; path = ExploreController.swift; sourceTree = "<group>"; };
		F2D2B7762992650000A4F160 /* NotificationsController.swift */ = {isa = PBXFileReference; lastKnownFileType = sourcecode.swift; path = NotificationsController.swift; sourceTree = "<group>"; };
		F2D2B7782992652900A4F160 /* ConversationsController.swift */ = {isa = PBXFileReference; lastKnownFileType = sourcecode.swift; path = ConversationsController.swift; sourceTree = "<group>"; };
/* End PBXFileReference section */

/* Begin PBXFrameworksBuildPhase section */
		F2D2B75029925FF200A4F160 /* Frameworks */ = {
			isa = PBXFrameworksBuildPhase;
			buildActionMask = 2147483647;
			files = (
			);
			runOnlyForDeploymentPostprocessing = 0;
		};
/* End PBXFrameworksBuildPhase section */

/* Begin PBXGroup section */
		F2D2B74A29925FF100A4F160 = {
			isa = PBXGroup;
			children = (
				F2D2B75529925FF200A4F160 /* Swifter */,
				F2D2B75429925FF200A4F160 /* Products */,
			);
			sourceTree = "<group>";
		};
		F2D2B75429925FF200A4F160 /* Products */ = {
			isa = PBXGroup;
			children = (
				F2D2B75329925FF200A4F160 /* Swifter.app */,
			);
			name = Products;
			sourceTree = "<group>";
		};
		F2D2B75529925FF200A4F160 /* Swifter */ = {
			isa = PBXGroup;
			children = (
				F2D2B76F2992613D00A4F160 /* Model */,
				F2D2B76E2992613A00A4F160 /* View */,
				F2D2B76D2992613800A4F160 /* ViewModel */,
				F2D2B76C2992613600A4F160 /* Controllers */,
				F2D2B76B2992613300A4F160 /* API */,
				F2D2B76A2992612A00A4F160 /* Utils */,
				F2D2B75629925FF200A4F160 /* AppDelegate.swift */,
				F2D2B75829925FF200A4F160 /* SceneDelegate.swift */,
				F2D2B75C29925FF200A4F160 /* Main.storyboard */,
				F2D2B75F29925FF300A4F160 /* Assets.xcassets */,
				F2D2B76129925FF300A4F160 /* LaunchScreen.storyboard */,
				F2D2B76429925FF300A4F160 /* Info.plist */,
			);
			path = Swifter;
			sourceTree = "<group>";
		};
		F2D2B76A2992612A00A4F160 /* Utils */ = {
			isa = PBXGroup;
			children = (
			);
			path = Utils;
			sourceTree = "<group>";
		};
		F2D2B76B2992613300A4F160 /* API */ = {
			isa = PBXGroup;
			children = (
			);
			path = API;
			sourceTree = "<group>";
		};
		F2D2B76C2992613600A4F160 /* Controllers */ = {
			isa = PBXGroup;
			children = (
				F2D2B7702992626900A4F160 /* MainTabController.swift */,
				F2D2B7722992643400A4F160 /* FeedController.swift */,
				F2D2B774299264D300A4F160 /* ExploreController.swift */,
				F2D2B7762992650000A4F160 /* NotificationsController.swift */,
				F2D2B7782992652900A4F160 /* ConversationsController.swift */,
			);
			path = Controllers;
			sourceTree = "<group>";
		};
		F2D2B76D2992613800A4F160 /* ViewModel */ = {
			isa = PBXGroup;
			children = (
			);
			path = ViewModel;
			sourceTree = "<group>";
		};
		F2D2B76E2992613A00A4F160 /* View */ = {
			isa = PBXGroup;
			children = (
			);
			path = View;
			sourceTree = "<group>";
		};
		F2D2B76F2992613D00A4F160 /* Model */ = {
			isa = PBXGroup;
			children = (
			);
			path = Model;
			sourceTree = "<group>";
		};
/* End PBXGroup section */

/* Begin PBXNativeTarget section */
		F2D2B75229925FF200A4F160 /* Swifter */ = {
			isa = PBXNativeTarget;
			buildConfigurationList = F2D2B76729925FF300A4F160 /* Build configuration list for PBXNativeTarget "Swifter" */;
			buildPhases = (
				F2D2B74F29925FF200A4F160 /* Sources */,
				F2D2B75029925FF200A4F160 /* Frameworks */,
				F2D2B75129925FF200A4F160 /* Resources */,
			);
			buildRules = (
			);
			dependencies = (
			);
			name = Swifter;
			productName = Swifter;
			productReference = F2D2B75329925FF200A4F160 /* Swifter.app */;
			productType = "com.apple.product-type.application";
		};
/* End PBXNativeTarget section */

/* Begin PBXProject section */
		F2D2B74B29925FF100A4F160 /* Project object */ = {
			isa = PBXProject;
			attributes = {
				BuildIndependentTargetsInParallel = 1;
				LastSwiftUpdateCheck = 1420;
				LastUpgradeCheck = 1420;
				TargetAttributes = {
					F2D2B75229925FF200A4F160 = {
						CreatedOnToolsVersion = 14.2;
					};
				};
			};
			buildConfigurationList = F2D2B74E29925FF100A4F160 /* Build configuration list for PBXProject "Swifter" */;
			compatibilityVersion = "Xcode 14.0";
			developmentRegion = en;
			hasScannedForEncodings = 0;
			knownRegions = (
				en,
				Base,
			);
			mainGroup = F2D2B74A29925FF100A4F160;
			productRefGroup = F2D2B75429925FF200A4F160 /* Products */;
			projectDirPath = "";
			projectRoot = "";
			targets = (
				F2D2B75229925FF200A4F160 /* Swifter */,
			);
		};
/* End PBXProject section */

/* Begin PBXResourcesBuildPhase section */
		F2D2B75129925FF200A4F160 /* Resources */ = {
			isa = PBXResourcesBuildPhase;
			buildActionMask = 2147483647;
			files = (
				F2D2B76329925FF300A4F160 /* LaunchScreen.storyboard in Resources */,
				F2D2B76029925FF300A4F160 /* Assets.xcassets in Resources */,
				F2D2B75E29925FF200A4F160 /* Main.storyboard in Resources */,
			);
			runOnlyForDeploymentPostprocessing = 0;
		};
/* End PBXResourcesBuildPhase section */

/* Begin PBXSourcesBuildPhase section */
		F2D2B74F29925FF200A4F160 /* Sources */ = {
			isa = PBXSourcesBuildPhase;
			buildActionMask = 2147483647;
			files = (
				F2D2B7772992650000A4F160 /* NotificationsController.swift in Sources */,
				F2D2B7792992652900A4F160 /* ConversationsController.swift in Sources */,
				F2D2B75729925FF200A4F160 /* AppDelegate.swift in Sources */,
				F2D2B775299264D300A4F160 /* ExploreController.swift in Sources */,
				F2D2B75929925FF200A4F160 /* SceneDelegate.swift in Sources */,
				F2D2B7712992626900A4F160 /* MainTabController.swift in Sources */,
				F2D2B7732992643400A4F160 /* FeedController.swift in Sources */,
			);
			runOnlyForDeploymentPostprocessing = 0;
		};
/* End PBXSourcesBuildPhase section */

/* Begin PBXVariantGroup section */
		F2D2B75C29925FF200A4F160 /* Main.storyboard */ = {
			isa = PBXVariantGroup;
			children = (
				F2D2B75D29925FF200A4F160 /* Base */,
			);
			name = Main.storyboard;
			sourceTree = "<group>";
		};
		F2D2B76129925FF300A4F160 /* LaunchScreen.storyboard */ = {
			isa = PBXVariantGroup;
			children = (
				F2D2B76229925FF300A4F160 /* Base */,
			);
			name = LaunchScreen.storyboard;
			sourceTree = "<group>";
		};
/* End PBXVariantGroup section */

/* Begin XCBuildConfiguration section */
		F2D2B76529925FF300A4F160 /* Debug */ = {
			isa = XCBuildConfiguration;
			buildSettings = {
				ALWAYS_SEARCH_USER_PATHS = NO;
				CLANG_ANALYZER_NONNULL = YES;
				CLANG_ANALYZER_NUMBER_OBJECT_CONVERSION = YES_AGGRESSIVE;
				CLANG_CXX_LANGUAGE_STANDARD = "gnu++20";
				CLANG_ENABLE_MODULES = YES;
				CLANG_ENABLE_OBJC_ARC = YES;
				CLANG_ENABLE_OBJC_WEAK = YES;
				CLANG_WARN_BLOCK_CAPTURE_AUTORELEASING = YES;
				CLANG_WARN_BOOL_CONVERSION = YES;
				CLANG_WARN_COMMA = YES;
				CLANG_WARN_CONSTANT_CONVERSION = YES;
				CLANG_WARN_DEPRECATED_OBJC_IMPLEMENTATIONS = YES;
				CLANG_WARN_DIRECT_OBJC_ISA_USAGE = YES_ERROR;
				CLANG_WARN_DOCUMENTATION_COMMENTS = YES;
				CLANG_WARN_EMPTY_BODY = YES;
				CLANG_WARN_ENUM_CONVERSION = YES;
				CLANG_WARN_INFINITE_RECURSION = YES;
				CLANG_WARN_INT_CONVERSION = YES;
				CLANG_WARN_NON_LITERAL_NULL_CONVERSION = YES;
				CLANG_WARN_OBJC_IMPLICIT_RETAIN_SELF = YES;
				CLANG_WARN_OBJC_LITERAL_CONVERSION = YES;
				CLANG_WARN_OBJC_ROOT_CLASS = YES_ERROR;
				CLANG_WARN_QUOTED_INCLUDE_IN_FRAMEWORK_HEADER = YES;
				CLANG_WARN_RANGE_LOOP_ANALYSIS = YES;
				CLANG_WARN_STRICT_PROTOTYPES = YES;
				CLANG_WARN_SUSPICIOUS_MOVE = YES;
				CLANG_WARN_UNGUARDED_AVAILABILITY = YES_AGGRESSIVE;
				CLANG_WARN_UNREACHABLE_CODE = YES;
				CLANG_WARN__DUPLICATE_METHOD_MATCH = YES;
				COPY_PHASE_STRIP = NO;
				DEBUG_INFORMATION_FORMAT = dwarf;
				ENABLE_STRICT_OBJC_MSGSEND = YES;
				ENABLE_TESTABILITY = YES;
				GCC_C_LANGUAGE_STANDARD = gnu11;
				GCC_DYNAMIC_NO_PIC = NO;
				GCC_NO_COMMON_BLOCKS = YES;
				GCC_OPTIMIZATION_LEVEL = 0;
				GCC_PREPROCESSOR_DEFINITIONS = (
					"DEBUG=1",
					"$(inherited)",
				);
				GCC_WARN_64_TO_32_BIT_CONVERSION = YES;
				GCC_WARN_ABOUT_RETURN_TYPE = YES_ERROR;
				GCC_WARN_UNDECLARED_SELECTOR = YES;
				GCC_WARN_UNINITIALIZED_AUTOS = YES_AGGRESSIVE;
				GCC_WARN_UNUSED_FUNCTION = YES;
				GCC_WARN_UNUSED_VARIABLE = YES;
				IPHONEOS_DEPLOYMENT_TARGET = 16.2;
				MTL_ENABLE_DEBUG_INFO = INCLUDE_SOURCE;
				MTL_FAST_MATH = YES;
				ONLY_ACTIVE_ARCH = YES;
				SDKROOT = iphoneos;
				SWIFT_ACTIVE_COMPILATION_CONDITIONS = DEBUG;
				SWIFT_OPTIMIZATION_LEVEL = "-Onone";
			};
			name = Debug;
		};
		F2D2B76629925FF300A4F160 /* Release */ = {
			isa = XCBuildConfiguration;
			buildSettings = {
				ALWAYS_SEARCH_USER_PATHS = NO;
				CLANG_ANALYZER_NONNULL = YES;
				CLANG_ANALYZER_NUMBER_OBJECT_CONVERSION = YES_AGGRESSIVE;
				CLANG_CXX_LANGUAGE_STANDARD = "gnu++20";
				CLANG_ENABLE_MODULES = YES;
				CLANG_ENABLE_OBJC_ARC = YES;
				CLANG_ENABLE_OBJC_WEAK = YES;
				CLANG_WARN_BLOCK_CAPTURE_AUTORELEASING = YES;
				CLANG_WARN_BOOL_CONVERSION = YES;
				CLANG_WARN_COMMA = YES;
				CLANG_WARN_CONSTANT_CONVERSION = YES;
				CLANG_WARN_DEPRECATED_OBJC_IMPLEMENTATIONS = YES;
				CLANG_WARN_DIRECT_OBJC_ISA_USAGE = YES_ERROR;
				CLANG_WARN_DOCUMENTATION_COMMENTS = YES;
				CLANG_WARN_EMPTY_BODY = YES;
				CLANG_WARN_ENUM_CONVERSION = YES;
				CLANG_WARN_INFINITE_RECURSION = YES;
				CLANG_WARN_INT_CONVERSION = YES;
				CLANG_WARN_NON_LITERAL_NULL_CONVERSION = YES;
				CLANG_WARN_OBJC_IMPLICIT_RETAIN_SELF = YES;
				CLANG_WARN_OBJC_LITERAL_CONVERSION = YES;
				CLANG_WARN_OBJC_ROOT_CLASS = YES_ERROR;
				CLANG_WARN_QUOTED_INCLUDE_IN_FRAMEWORK_HEADER = YES;
				CLANG_WARN_RANGE_LOOP_ANALYSIS = YES;
				CLANG_WARN_STRICT_PROTOTYPES = YES;
				CLANG_WARN_SUSPICIOUS_MOVE = YES;
				CLANG_WARN_UNGUARDED_AVAILABILITY = YES_AGGRESSIVE;
				CLANG_WARN_UNREACHABLE_CODE = YES;
				CLANG_WARN__DUPLICATE_METHOD_MATCH = YES;
				COPY_PHASE_STRIP = NO;
				DEBUG_INFORMATION_FORMAT = "dwarf-with-dsym";
				ENABLE_NS_ASSERTIONS = NO;
				ENABLE_STRICT_OBJC_MSGSEND = YES;
				GCC_C_LANGUAGE_STANDARD = gnu11;
				GCC_NO_COMMON_BLOCKS = YES;
				GCC_WARN_64_TO_32_BIT_CONVERSION = YES;
				GCC_WARN_ABOUT_RETURN_TYPE = YES_ERROR;
				GCC_WARN_UNDECLARED_SELECTOR = YES;
				GCC_WARN_UNINITIALIZED_AUTOS = YES_AGGRESSIVE;
				GCC_WARN_UNUSED_FUNCTION = YES;
				GCC_WARN_UNUSED_VARIABLE = YES;
				IPHONEOS_DEPLOYMENT_TARGET = 16.2;
				MTL_ENABLE_DEBUG_INFO = NO;
				MTL_FAST_MATH = YES;
				SDKROOT = iphoneos;
				SWIFT_COMPILATION_MODE = wholemodule;
				SWIFT_OPTIMIZATION_LEVEL = "-O";
				VALIDATE_PRODUCT = YES;
			};
			name = Release;
		};
		F2D2B76829925FF300A4F160 /* Debug */ = {
			isa = XCBuildConfiguration;
			buildSettings = {
				ASSETCATALOG_COMPILER_APPICON_NAME = AppIcon;
				ASSETCATALOG_COMPILER_GLOBAL_ACCENT_COLOR_NAME = AccentColor;
				CODE_SIGN_STYLE = Automatic;
				CURRENT_PROJECT_VERSION = 1;
				DEVELOPMENT_TEAM = 33DPD5DU8V;
				GENERATE_INFOPLIST_FILE = YES;
				INFOPLIST_FILE = Swifter/Info.plist;
				INFOPLIST_KEY_UIApplicationSupportsIndirectInputEvents = YES;
				INFOPLIST_KEY_UILaunchStoryboardName = LaunchScreen;
				INFOPLIST_KEY_UIMainStoryboardFile = Main;
				INFOPLIST_KEY_UISupportedInterfaceOrientations_iPad = "UIInterfaceOrientationPortrait UIInterfaceOrientationPortraitUpsideDown UIInterfaceOrientationLandscapeLeft UIInterfaceOrientationLandscapeRight";
				INFOPLIST_KEY_UISupportedInterfaceOrientations_iPhone = "UIInterfaceOrientationPortrait UIInterfaceOrientationLandscapeLeft UIInterfaceOrientationLandscapeRight";
				LD_RUNPATH_SEARCH_PATHS = (
					"$(inherited)",
					"@executable_path/Frameworks",
				);
				MARKETING_VERSION = 1.0;
				PRODUCT_BUNDLE_IDENTIFIER = com.dsa.Swifter;
				PRODUCT_NAME = "$(TARGET_NAME)";
				SWIFT_EMIT_LOC_STRINGS = YES;
				SWIFT_VERSION = 5.0;
				TARGETED_DEVICE_FAMILY = "1,2";
			};
			name = Debug;
		};
		F2D2B76929925FF300A4F160 /* Release */ = {
			isa = XCBuildConfiguration;
			buildSettings = {
				ASSETCATALOG_COMPILER_APPICON_NAME = AppIcon;
				ASSETCATALOG_COMPILER_GLOBAL_ACCENT_COLOR_NAME = AccentColor;
				CODE_SIGN_STYLE = Automatic;
				CURRENT_PROJECT_VERSION = 1;
				DEVELOPMENT_TEAM = 33DPD5DU8V;
				GENERATE_INFOPLIST_FILE = YES;
				INFOPLIST_FILE = Swifter/Info.plist;
				INFOPLIST_KEY_UIApplicationSupportsIndirectInputEvents = YES;
				INFOPLIST_KEY_UILaunchStoryboardName = LaunchScreen;
				INFOPLIST_KEY_UIMainStoryboardFile = Main;
				INFOPLIST_KEY_UISupportedInterfaceOrientations_iPad = "UIInterfaceOrientationPortrait UIInterfaceOrientationPortraitUpsideDown UIInterfaceOrientationLandscapeLeft UIInterfaceOrientationLandscapeRight";
				INFOPLIST_KEY_UISupportedInterfaceOrientations_iPhone = "UIInterfaceOrientationPortrait UIInterfaceOrientationLandscapeLeft UIInterfaceOrientationLandscapeRight";
				LD_RUNPATH_SEARCH_PATHS = (
					"$(inherited)",
					"@executable_path/Frameworks",
				);
				MARKETING_VERSION = 1.0;
				PRODUCT_BUNDLE_IDENTIFIER = com.dsa.Swifter;
				PRODUCT_NAME = "$(TARGET_NAME)";
				SWIFT_EMIT_LOC_STRINGS = YES;
				SWIFT_VERSION = 5.0;
				TARGETED_DEVICE_FAMILY = "1,2";
			};
			name = Release;
		};
/* End XCBuildConfiguration section */

/* Begin XCConfigurationList section */
		F2D2B74E29925FF100A4F160 /* Build configuration list for PBXProject "Swifter" */ = {
			isa = XCConfigurationList;
			buildConfigurations = (
				F2D2B76529925FF300A4F160 /* Debug */,
				F2D2B76629925FF300A4F160 /* Release */,
			);
			defaultConfigurationIsVisible = 0;
			defaultConfigurationName = Release;
		};
		F2D2B76729925FF300A4F160 /* Build configuration list for PBXNativeTarget "Swifter" */ = {
			isa = XCConfigurationList;
			buildConfigurations = (
				F2D2B76829925FF300A4F160 /* Debug */,
				F2D2B76929925FF300A4F160 /* Release */,
			);
			defaultConfigurationIsVisible = 0;
			defaultConfigurationName = Release;
		};
/* End XCConfigurationList section */
	};
	rootObject = F2D2B74B29925FF100A4F160 /* Project object */;
}
